# This file is automatically @generated by Cargo.
# It is not intended for manual editing.
version = 3

[[package]]
name = "challenge-rust"
version = "0.1.0"
dependencies = [
 "division_and_remainder",
 "fibonacci2",
 "find_factorial",
 "groceries",
 "looping",
 "matrix_transposition",
 "reverse_string",
 "scalar",
 "speed_transformation",
 "temperature_conv",
 "tuples_refs",
]

[[package]]
name = "division_and_remainder"
version = "0.1.0"

[[package]]
name = "fibonacci2"
version = "0.1.0"

[[package]]
name = "find_factorial"
version = "0.1.0"

[[package]]
name = "groceries"
version = "0.1.0"

[[package]]
name = "looping"
version = "0.1.0"

[[package]]
name = "matrix_transposition"
version = "0.1.0"

[[package]]
name = "reverse_string"
version = "0.1.0"

[[package]]
name = "scalar"
version = "0.1.0"

[[package]]
name = "speed_transformation"
version = "0.1.0"

[[package]]
name = "temperature_conv"
version = "0.1.0"

[[package]]
name = "tuples_refs"
version = "0.1.0"
