# This file is automatically @generated by Cargo.
# It is not intended for manual editing.
version = 3

[[package]]
name = "challenge-rust"
version = "0.1.0"
dependencies = [
 "find_factorial",
 "groceries",
 "looping",
 "reverse_string",
 "scalar",
 "speed_transformation",
 "temperature_conv",
]

[[package]]
name = "find_factorial"
version = "0.1.0"

[[package]]
name = "groceries"
version = "0.1.0"

[[package]]
name = "looping"
version = "0.1.0"

[[package]]
name = "reverse_string"
version = "0.1.0"

[[package]]
name = "scalar"
version = "0.1.0"

[[package]]
name = "speed_transformation"
version = "0.1.0"

[[package]]
name = "temperature_conv"
version = "0.1.0"
